// !$*UTF8*$!
{
	archiveVersion = 1;
	classes = {
	};
	objectVersion = 46;
	objects = {

/* Begin PBXBuildFile section */
		2ED9A45D1E5629E700A9C805 /* AppDelegate.swift in Sources */ = {isa = PBXBuildFile; fileRef = 2ED9A45C1E5629E700A9C805 /* AppDelegate.swift */; };
		2ED9A45F1E5629E700A9C805 /* ViewController.swift in Sources */ = {isa = PBXBuildFile; fileRef = 2ED9A45E1E5629E700A9C805 /* ViewController.swift */; };
		2ED9A4621E5629E700A9C805 /* Main.storyboard in Resources */ = {isa = PBXBuildFile; fileRef = 2ED9A4601E5629E700A9C805 /* Main.storyboard */; };
		2ED9A4641E5629E700A9C805 /* Assets.xcassets in Resources */ = {isa = PBXBuildFile; fileRef = 2ED9A4631E5629E700A9C805 /* Assets.xcassets */; };
		2ED9A4671E5629E700A9C805 /* LaunchScreen.storyboard in Resources */ = {isa = PBXBuildFile; fileRef = 2ED9A4651E5629E700A9C805 /* LaunchScreen.storyboard */; };
		2ED9A4721E5629E700A9C805 /* _RA_EVA_PR3Tests.swift in Sources */ = {isa = PBXBuildFile; fileRef = 2ED9A4711E5629E700A9C805 /* _RA_EVA_PR3Tests.swift */; };
		2ED9A47D1E5629E700A9C805 /* _RA_EVA_PR3UITests.swift in Sources */ = {isa = PBXBuildFile; fileRef = 2ED9A47C1E5629E700A9C805 /* _RA_EVA_PR3UITests.swift */; };
/* End PBXBuildFile section */

/* Begin PBXContainerItemProxy section */
		2ED9A46E1E5629E700A9C805 /* PBXContainerItemProxy */ = {
			isa = PBXContainerItemProxy;
			containerPortal = 2ED9A4511E5629E700A9C805 /* Project object */;
			proxyType = 1;
			remoteGlobalIDString = 2ED9A4581E5629E700A9C805;
			remoteInfo = 1RA_EVA_PR3;
		};
		2ED9A4791E5629E700A9C805 /* PBXContainerItemProxy */ = {
			isa = PBXContainerItemProxy;
			containerPortal = 2ED9A4511E5629E700A9C805 /* Project object */;
			proxyType = 1;
			remoteGlobalIDString = 2ED9A4581E5629E700A9C805;
			remoteInfo = 1RA_EVA_PR3;
		};
/* End PBXContainerItemProxy section */

/* Begin PBXFileReference section */
		2ED9A4591E5629E700A9C805 /* 1RA_EVA_PR3.app */ = {isa = PBXFileReference; explicitFileType = wrapper.application; includeInIndex = 0; path = 1RA_EVA_PR3.app; sourceTree = BUILT_PRODUCTS_DIR; };
		2ED9A45C1E5629E700A9C805 /* AppDelegate.swift */ = {isa = PBXFileReference; lastKnownFileType = sourcecode.swift; path = AppDelegate.swift; sourceTree = "<group>"; };
		2ED9A45E1E5629E700A9C805 /* ViewController.swift */ = {isa = PBXFileReference; lastKnownFileType = sourcecode.swift; path = ViewController.swift; sourceTree = "<group>"; };
		2ED9A4611E5629E700A9C805 /* Base */ = {isa = PBXFileReference; lastKnownFileType = file.storyboard; name = Base; path = Base.lproj/Main.storyboard; sourceTree = "<group>"; };
		2ED9A4631E5629E700A9C805 /* Assets.xcassets */ = {isa = PBXFileReference; lastKnownFileType = folder.assetcatalog; path = Assets.xcassets; sourceTree = "<group>"; };
		2ED9A4661E5629E700A9C805 /* Base */ = {isa = PBXFileReference; lastKnownFileType = file.storyboard; name = Base; path = Base.lproj/LaunchScreen.storyboard; sourceTree = "<group>"; };
		2ED9A4681E5629E700A9C805 /* Info.plist */ = {isa = PBXFileReference; lastKnownFileType = text.plist.xml; path = Info.plist; sourceTree = "<group>"; };
		2ED9A46D1E5629E700A9C805 /* 1RA_EVA_PR3Tests.xctest */ = {isa = PBXFileReference; explicitFileType = wrapper.cfbundle; includeInIndex = 0; path = 1RA_EVA_PR3Tests.xctest; sourceTree = BUILT_PRODUCTS_DIR; };
		2ED9A4711E5629E700A9C805 /* _RA_EVA_PR3Tests.swift */ = {isa = PBXFileReference; lastKnownFileType = sourcecode.swift; path = _RA_EVA_PR3Tests.swift; sourceTree = "<group>"; };
		2ED9A4731E5629E700A9C805 /* Info.plist */ = {isa = PBXFileReference; lastKnownFileType = text.plist.xml; path = Info.plist; sourceTree = "<group>"; };
		2ED9A4781E5629E700A9C805 /* 1RA_EVA_PR3UITests.xctest */ = {isa = PBXFileReference; explicitFileType = wrapper.cfbundle; includeInIndex = 0; path = 1RA_EVA_PR3UITests.xctest; sourceTree = BUILT_PRODUCTS_DIR; };
		2ED9A47C1E5629E700A9C805 /* _RA_EVA_PR3UITests.swift */ = {isa = PBXFileReference; lastKnownFileType = sourcecode.swift; path = _RA_EVA_PR3UITests.swift; sourceTree = "<group>"; };
		2ED9A47E1E5629E700A9C805 /* Info.plist */ = {isa = PBXFileReference; lastKnownFileType = text.plist.xml; path = Info.plist; sourceTree = "<group>"; };
/* End PBXFileReference section */

/* Begin PBXFrameworksBuildPhase section */
		2ED9A4561E5629E700A9C805 /* Frameworks */ = {
			isa = PBXFrameworksBuildPhase;
			buildActionMask = 2147483647;
			files = (
			);
			runOnlyForDeploymentPostprocessing = 0;
		};
		2ED9A46A1E5629E700A9C805 /* Frameworks */ = {
			isa = PBXFrameworksBuildPhase;
			buildActionMask = 2147483647;
			files = (
			);
			runOnlyForDeploymentPostprocessing = 0;
		};
		2ED9A4751E5629E700A9C805 /* Frameworks */ = {
			isa = PBXFrameworksBuildPhase;
			buildActionMask = 2147483647;
			files = (
			);
			runOnlyForDeploymentPostprocessing = 0;
		};
/* End PBXFrameworksBuildPhase section */

/* Begin PBXGroup section */
		2ED9A4501E5629E700A9C805 = {
			isa = PBXGroup;
			children = (
				2ED9A45B1E5629E700A9C805 /* 1RA_EVA_PR3 */,
				2ED9A4701E5629E700A9C805 /* 1RA_EVA_PR3Tests */,
				2ED9A47B1E5629E700A9C805 /* 1RA_EVA_PR3UITests */,
				2ED9A45A1E5629E700A9C805 /* Products */,
			);
			sourceTree = "<group>";
		};
		2ED9A45A1E5629E700A9C805 /* Products */ = {
			isa = PBXGroup;
			children = (
				2ED9A4591E5629E700A9C805 /* 1RA_EVA_PR3.app */,
				2ED9A46D1E5629E700A9C805 /* 1RA_EVA_PR3Tests.xctest */,
				2ED9A4781E5629E700A9C805 /* 1RA_EVA_PR3UITests.xctest */,
			);
			name = Products;
			sourceTree = "<group>";
		};
		2ED9A45B1E5629E700A9C805 /* 1RA_EVA_PR3 */ = {
			isa = PBXGroup;
			children = (
				2ED9A45C1E5629E700A9C805 /* AppDelegate.swift */,
				2ED9A45E1E5629E700A9C805 /* ViewController.swift */,
				2ED9A4601E5629E700A9C805 /* Main.storyboard */,
				2ED9A4631E5629E700A9C805 /* Assets.xcassets */,
				2ED9A4651E5629E700A9C805 /* LaunchScreen.storyboard */,
				2ED9A4681E5629E700A9C805 /* Info.plist */,
			);
			path = 1RA_EVA_PR3;
			sourceTree = "<group>";
		};
		2ED9A4701E5629E700A9C805 /* 1RA_EVA_PR3Tests */ = {
			isa = PBXGroup;
			children = (
				2ED9A4711E5629E700A9C805 /* _RA_EVA_PR3Tests.swift */,
				2ED9A4731E5629E700A9C805 /* Info.plist */,
			);
			path = 1RA_EVA_PR3Tests;
			sourceTree = "<group>";
		};
		2ED9A47B1E5629E700A9C805 /* 1RA_EVA_PR3UITests */ = {
			isa = PBXGroup;
			children = (
				2ED9A47C1E5629E700A9C805 /* _RA_EVA_PR3UITests.swift */,
				2ED9A47E1E5629E700A9C805 /* Info.plist */,
			);
			path = 1RA_EVA_PR3UITests;
			sourceTree = "<group>";
		};
/* End PBXGroup section */

/* Begin PBXNativeTarget section */
		2ED9A4581E5629E700A9C805 /* 1RA_EVA_PR3 */ = {
			isa = PBXNativeTarget;
			buildConfigurationList = 2ED9A4811E5629E700A9C805 /* Build configuration list for PBXNativeTarget "1RA_EVA_PR3" */;
			buildPhases = (
				2ED9A4551E5629E700A9C805 /* Sources */,
				2ED9A4561E5629E700A9C805 /* Frameworks */,
				2ED9A4571E5629E700A9C805 /* Resources */,
			);
			buildRules = (
			);
			dependencies = (
			);
			name = 1RA_EVA_PR3;
			productName = 1RA_EVA_PR3;
			productReference = 2ED9A4591E5629E700A9C805 /* 1RA_EVA_PR3.app */;
			productType = "com.apple.product-type.application";
		};
		2ED9A46C1E5629E700A9C805 /* 1RA_EVA_PR3Tests */ = {
			isa = PBXNativeTarget;
			buildConfigurationList = 2ED9A4841E5629E700A9C805 /* Build configuration list for PBXNativeTarget "1RA_EVA_PR3Tests" */;
			buildPhases = (
				2ED9A4691E5629E700A9C805 /* Sources */,
				2ED9A46A1E5629E700A9C805 /* Frameworks */,
				2ED9A46B1E5629E700A9C805 /* Resources */,
			);
			buildRules = (
			);
			dependencies = (
				2ED9A46F1E5629E700A9C805 /* PBXTargetDependency */,
			);
			name = 1RA_EVA_PR3Tests;
			productName = 1RA_EVA_PR3Tests;
			productReference = 2ED9A46D1E5629E700A9C805 /* 1RA_EVA_PR3Tests.xctest */;
			productType = "com.apple.product-type.bundle.unit-test";
		};
		2ED9A4771E5629E700A9C805 /* 1RA_EVA_PR3UITests */ = {
			isa = PBXNativeTarget;
			buildConfigurationList = 2ED9A4871E5629E700A9C805 /* Build configuration list for PBXNativeTarget "1RA_EVA_PR3UITests" */;
			buildPhases = (
				2ED9A4741E5629E700A9C805 /* Sources */,
				2ED9A4751E5629E700A9C805 /* Frameworks */,
				2ED9A4761E5629E700A9C805 /* Resources */,
			);
			buildRules = (
			);
			dependencies = (
				2ED9A47A1E5629E700A9C805 /* PBXTargetDependency */,
			);
			name = 1RA_EVA_PR3UITests;
			productName = 1RA_EVA_PR3UITests;
			productReference = 2ED9A4781E5629E700A9C805 /* 1RA_EVA_PR3UITests.xctest */;
			productType = "com.apple.product-type.bundle.ui-testing";
		};
/* End PBXNativeTarget section */

/* Begin PBXProject section */
		2ED9A4511E5629E700A9C805 /* Project object */ = {
			isa = PBXProject;
			attributes = {
				LastSwiftUpdateCheck = 0730;
				LastUpgradeCheck = 0730;
				ORGANIZATIONNAME = "MIGUEL ANGEL";
				TargetAttributes = {
					2ED9A4581E5629E700A9C805 = {
						CreatedOnToolsVersion = 7.3.1;
					};
					2ED9A46C1E5629E700A9C805 = {
						CreatedOnToolsVersion = 7.3.1;
						TestTargetID = 2ED9A4581E5629E700A9C805;
					};
					2ED9A4771E5629E700A9C805 = {
						CreatedOnToolsVersion = 7.3.1;
						TestTargetID = 2ED9A4581E5629E700A9C805;
					};
				};
			};
			buildConfigurationList = 2ED9A4541E5629E700A9C805 /* Build configuration list for PBXProject "1RA_EVA_PR3" */;
			compatibilityVersion = "Xcode 3.2";
			developmentRegion = English;
			hasScannedForEncodings = 0;
			knownRegions = (
				en,
				Base,
			);
			mainGroup = 2ED9A4501E5629E700A9C805;
			productRefGroup = 2ED9A45A1E5629E700A9C805 /* Products */;
			projectDirPath = "";
			projectRoot = "";
			targets = (
				2ED9A4581E5629E700A9C805 /* 1RA_EVA_PR3 */,
				2ED9A46C1E5629E700A9C805 /* 1RA_EVA_PR3Tests */,
				2ED9A4771E5629E700A9C805 /* 1RA_EVA_PR3UITests */,
			);
		};
/* End PBXProject section */

/* Begin PBXResourcesBuildPhase section */
		2ED9A4571E5629E700A9C805 /* Resources */ = {
			isa = PBXResourcesBuildPhase;
			buildActionMask = 2147483647;
			files = (
				2ED9A4671E5629E700A9C805 /* LaunchScreen.storyboard in Resources */,
				2ED9A4641E5629E700A9C805 /* Assets.xcassets in Resources */,
				2ED9A4621E5629E700A9C805 /* Main.storyboard in Resources */,
			);
			runOnlyForDeploymentPostprocessing = 0;
		};
		2ED9A46B1E5629E700A9C805 /* Resources */ = {
			isa = PBXResourcesBuildPhase;
			buildActionMask = 2147483647;
			files = (
			);
			runOnlyForDeploymentPostprocessing = 0;
		};
		2ED9A4761E5629E700A9C805 /* Resources */ = {
			isa = PBXResourcesBuildPhase;
			buildActionMask = 2147483647;
			files = (
			);
			runOnlyForDeploymentPostprocessing = 0;
		};
/* End PBXResourcesBuildPhase section */

/* Begin PBXSourcesBuildPhase section */
		2ED9A4551E5629E700A9C805 /* Sources */ = {
			isa = PBXSourcesBuildPhase;
			buildActionMask = 2147483647;
			files = (
				2ED9A45F1E5629E700A9C805 /* ViewController.swift in Sources */,
				2ED9A45D1E5629E700A9C805 /* AppDelegate.swift in Sources */,
			);
			runOnlyForDeploymentPostprocessing = 0;
		};
		2ED9A4691E5629E700A9C805 /* Sources */ = {
			isa = PBXSourcesBuildPhase;
			buildActionMask = 2147483647;
			files = (
				2ED9A4721E5629E700A9C805 /* _RA_EVA_PR3Tests.swift in Sources */,
			);
			runOnlyForDeploymentPostprocessing = 0;
		};
		2ED9A4741E5629E700A9C805 /* Sources */ = {
			isa = PBXSourcesBuildPhase;
			buildActionMask = 2147483647;
			files = (
				2ED9A47D1E5629E700A9C805 /* _RA_EVA_PR3UITests.swift in Sources */,
			);
			runOnlyForDeploymentPostprocessing = 0;
		};
/* End PBXSourcesBuildPhase section */

/* Begin PBXTargetDependency section */
		2ED9A46F1E5629E700A9C805 /* PBXTargetDependency */ = {
			isa = PBXTargetDependency;
			target = 2ED9A4581E5629E700A9C805 /* 1RA_EVA_PR3 */;
			targetProxy = 2ED9A46E1E5629E700A9C805 /* PBXContainerItemProxy */;
		};
		2ED9A47A1E5629E700A9C805 /* PBXTargetDependency */ = {
			isa = PBXTargetDependency;
			target = 2ED9A4581E5629E700A9C805 /* 1RA_EVA_PR3 */;
			targetProxy = 2ED9A4791E5629E700A9C805 /* PBXContainerItemProxy */;
		};
/* End PBXTargetDependency section */

/* Begin PBXVariantGroup section */
		2ED9A4601E5629E700A9C805 /* Main.storyboard */ = {
			isa = PBXVariantGroup;
			children = (
				2ED9A4611E5629E700A9C805 /* Base */,
			);
			name = Main.storyboard;
			sourceTree = "<group>";
		};
		2ED9A4651E5629E700A9C805 /* LaunchScreen.storyboard */ = {
			isa = PBXVariantGroup;
			children = (
				2ED9A4661E5629E700A9C805 /* Base */,
			);
			name = LaunchScreen.storyboard;
			sourceTree = "<group>";
		};
/* End PBXVariantGroup section */

/* Begin XCBuildConfiguration section */
		2ED9A47F1E5629E700A9C805 /* Debug */ = {
			isa = XCBuildConfiguration;
			buildSettings = {
				ALWAYS_SEARCH_USER_PATHS = NO;
				CLANG_ANALYZER_NONNULL = YES;
				CLANG_CXX_LANGUAGE_STANDARD = "gnu++0x";
				CLANG_CXX_LIBRARY = "libc++";
				CLANG_ENABLE_MODULES = YES;
				CLANG_ENABLE_OBJC_ARC = YES;
				CLANG_WARN_BOOL_CONVERSION = YES;
				CLANG_WARN_CONSTANT_CONVERSION = YES;
				CLANG_WARN_DIRECT_OBJC_ISA_USAGE = YES_ERROR;
				CLANG_WARN_EMPTY_BODY = YES;
				CLANG_WARN_ENUM_CONVERSION = YES;
				CLANG_WARN_INT_CONVERSION = YES;
				CLANG_WARN_OBJC_ROOT_CLASS = YES_ERROR;
				CLANG_WARN_UNREACHABLE_CODE = YES;
				CLANG_WARN__DUPLICATE_METHOD_MATCH = YES;
				"CODE_SIGN_IDENTITY[sdk=iphoneos*]" = "iPhone Developer";
				COPY_PHASE_STRIP = NO;
				DEBUG_INFORMATION_FORMAT = dwarf;
				ENABLE_STRICT_OBJC_MSGSEND = YES;
				ENABLE_TESTABILITY = YES;
				GCC_C_LANGUAGE_STANDARD = gnu99;
				GCC_DYNAMIC_NO_PIC = NO;
				GCC_NO_COMMON_BLOCKS = YES;
				GCC_OPTIMIZATION_LEVEL = 0;
				GCC_PREPROCESSOR_DEFINITIONS = (
					"DEBUG=1",
					"$(inherited)",
				);
				GCC_WARN_64_TO_32_BIT_CONVERSION = YES;
				GCC_WARN_ABOUT_RETURN_TYPE = YES_ERROR;
				GCC_WARN_UNDECLARED_SELECTOR = YES;
				GCC_WARN_UNINITIALIZED_AUTOS = YES_AGGRESSIVE;
				GCC_WARN_UNUSED_FUNCTION = YES;
				GCC_WARN_UNUSED_VARIABLE = YES;
				IPHONEOS_DEPLOYMENT_TARGET = 9.3;
				MTL_ENABLE_DEBUG_INFO = YES;
				ONLY_ACTIVE_ARCH = YES;
				SDKROOT = iphoneos;
				SWIFT_OPTIMIZATION_LEVEL = "-Onone";
				TARGETED_DEVICE_FAMILY = "1,2";
			};
			name = Debug;
		};
		2ED9A4801E5629E700A9C805 /* Release */ = {
			isa = XCBuildConfiguration;
			buildSettings = {
				ALWAYS_SEARCH_USER_PATHS = NO;
				CLANG_ANALYZER_NONNULL = YES;
				CLANG_CXX_LANGUAGE_STANDARD = "gnu++0x";
				CLANG_CXX_LIBRARY = "libc++";
				CLANG_ENABLE_MODULES = YES;
				CLANG_ENABLE_OBJC_ARC = YES;
				CLANG_WARN_BOOL_CONVERSION = YES;
				CLANG_WARN_CONSTANT_CONVERSION = YES;
				CLANG_WARN_DIRECT_OBJC_ISA_USAGE = YES_ERROR;
				CLANG_WARN_EMPTY_BODY = YES;
				CLANG_WARN_ENUM_CONVERSION = YES;
				CLANG_WARN_INT_CONVERSION = YES;
				CLANG_WARN_OBJC_ROOT_CLASS = YES_ERROR;
				CLANG_WARN_UNREACHABLE_CODE = YES;
				CLANG_WARN__DUPLICATE_METHOD_MATCH = YES;
				"CODE_SIGN_IDENTITY[sdk=iphoneos*]" = "iPhone Developer";
				COPY_PHASE_STRIP = NO;
				DEBUG_INFORMATION_FORMAT = "dwarf-with-dsym";
				ENABLE_NS_ASSERTIONS = NO;
				ENABLE_STRICT_OBJC_MSGSEND = YES;
				GCC_C_LANGUAGE_STANDARD = gnu99;
				GCC_NO_COMMON_BLOCKS = YES;
				GCC_WARN_64_TO_32_BIT_CONVERSION = YES;
				GCC_WARN_ABOUT_RETURN_TYPE = YES_ERROR;
				GCC_WARN_UNDECLARED_SELECTOR = YES;
				GCC_WARN_UNINITIALIZED_AUTOS = YES_AGGRESSIVE;
				GCC_WARN_UNUSED_FUNCTION = YES;
				GCC_WARN_UNUSED_VARIABLE = YES;
				IPHONEOS_DEPLOYMENT_TARGET = 9.3;
				MTL_ENABLE_DEBUG_INFO = NO;
				SDKROOT = iphoneos;
				TARGETED_DEVICE_FAMILY = "1,2";
				VALIDATE_PRODUCT = YES;
			};
			name = Release;
		};
		2ED9A4821E5629E700A9C805 /* Debug */ = {
			isa = XCBuildConfiguration;
			buildSettings = {
				ASSETCATALOG_COMPILER_APPICON_NAME = AppIcon;
				INFOPLIST_FILE = 1RA_EVA_PR3/Info.plist;
				LD_RUNPATH_SEARCH_PATHS = "$(inherited) @executable_path/Frameworks";
				PRODUCT_BUNDLE_IDENTIFIER = "com.miguel-angel.constrains.-RA-EVA-PR3";
				PRODUCT_NAME = "$(TARGET_NAME)";
			};
			name = Debug;
		};
		2ED9A4831E5629E700A9C805 /* Release */ = {
			isa = XCBuildConfiguration;
			buildSettings = {
				ASSETCATALOG_COMPILER_APPICON_NAME = AppIcon;
				INFOPLIST_FILE = 1RA_EVA_PR3/Info.plist;
				LD_RUNPATH_SEARCH_PATHS = "$(inherited) @executable_path/Frameworks";
				PRODUCT_BUNDLE_IDENTIFIER = "com.miguel-angel.constrains.-RA-EVA-PR3";
				PRODUCT_NAME = "$(TARGET_NAME)";
			};
			name = Release;
		};
		2ED9A4851E5629E700A9C805 /* Debug */ = {
			isa = XCBuildConfiguration;
			buildSettings = {
				BUNDLE_LOADER = "$(TEST_HOST)";
				INFOPLIST_FILE = 1RA_EVA_PR3Tests/Info.plist;
				LD_RUNPATH_SEARCH_PATHS = "$(inherited) @executable_path/Frameworks @loader_path/Frameworks";
				PRODUCT_BUNDLE_IDENTIFIER = "com.miguel-angel.constrains.-RA-EVA-PR3Tests";
				PRODUCT_NAME = "$(TARGET_NAME)";
				TEST_HOST = "$(BUILT_PRODUCTS_DIR)/1RA_EVA_PR3.app/1RA_EVA_PR3";
			};
			name = Debug;
		};
		2ED9A4861E5629E700A9C805 /* Release */ = {
			isa = XCBuildConfiguration;
			buildSettings = {
				BUNDLE_LOADER = "$(TEST_HOST)";
				INFOPLIST_FILE = 1RA_EVA_PR3Tests/Info.plist;
				LD_RUNPATH_SEARCH_PATHS = "$(inherited) @executable_path/Frameworks @loader_path/Frameworks";
				PRODUCT_BUNDLE_IDENTIFIER = "com.miguel-angel.constrains.-RA-EVA-PR3Tests";
				PRODUCT_NAME = "$(TARGET_NAME)";
				TEST_HOST = "$(BUILT_PRODUCTS_DIR)/1RA_EVA_PR3.app/1RA_EVA_PR3";
			};
			name = Release;
		};
		2ED9A4881E5629E700A9C805 /* Debug */ = {
			isa = XCBuildConfiguration;
			buildSettings = {
				INFOPLIST_FILE = 1RA_EVA_PR3UITests/Info.plist;
				LD_RUNPATH_SEARCH_PATHS = "$(inherited) @executable_path/Frameworks @loader_path/Frameworks";
				PRODUCT_BUNDLE_IDENTIFIER = "com.miguel-angel.constrains.-RA-EVA-PR3UITests";
				PRODUCT_NAME = "$(TARGET_NAME)";
				TEST_TARGET_NAME = 1RA_EVA_PR3;
			};
			name = Debug;
		};
		2ED9A4891E5629E700A9C805 /* Release */ = {
			isa = XCBuildConfiguration;
			buildSettings = {
				INFOPLIST_FILE = 1RA_EVA_PR3UITests/Info.plist;
				LD_RUNPATH_SEARCH_PATHS = "$(inherited) @executable_path/Frameworks @loader_path/Frameworks";
				PRODUCT_BUNDLE_IDENTIFIER = "com.miguel-angel.constrains.-RA-EVA-PR3UITests";
				PRODUCT_NAME = "$(TARGET_NAME)";
				TEST_TARGET_NAME = 1RA_EVA_PR3;
			};
			name = Release;
		};
/* End XCBuildConfiguration section */

/* Begin XCConfigurationList section */
		2ED9A4541E5629E700A9C805 /* Build configuration list for PBXProject "1RA_EVA_PR3" */ = {
			isa = XCConfigurationList;
			buildConfigurations = (
				2ED9A47F1E5629E700A9C805 /* Debug */,
				2ED9A4801E5629E700A9C805 /* Release */,
			);
			defaultConfigurationIsVisible = 0;
			defaultConfigurationName = Release;
		};
		2ED9A4811E5629E700A9C805 /* Build configuration list for PBXNativeTarget "1RA_EVA_PR3" */ = {
			isa = XCConfigurationList;
			buildConfigurations = (
				2ED9A4821E5629E700A9C805 /* Debug */,
				2ED9A4831E5629E700A9C805 /* Release */,
			);
			defaultConfigurationIsVisible = 0;
		};
		2ED9A4841E5629E700A9C805 /* Build configuration list for PBXNativeTarget "1RA_EVA_PR3Tests" */ = {
			isa = XCConfigurationList;
			buildConfigurations = (
				2ED9A4851E5629E700A9C805 /* Debug */,
				2ED9A4861E5629E700A9C805 /* Release */,
			);
			defaultConfigurationIsVisible = 0;
		};
		2ED9A4871E5629E700A9C805 /* Build configuration list for PBXNativeTarget "1RA_EVA_PR3UITests" */ = {
			isa = XCConfigurationList;
			buildConfigurations = (
				2ED9A4881E5629E700A9C805 /* Debug */,
				2ED9A4891E5629E700A9C805 /* Release */,
			);
			defaultConfigurationIsVisible = 0;
		};
/* End XCConfigurationList section */
	};
	rootObject = 2ED9A4511E5629E700A9C805 /* Project object */;
}
